// !$*UTF8*$!
{
	archiveVersion = 1;
	classes = {
	};
	objectVersion = 55;
	objects = {

/* Begin PBXBuildFile section */
		8B124162272FA0B20083EE5B /* Font+Extensions.swift in Sources */ = {isa = PBXBuildFile; fileRef = 8B124161272FA0B20083EE5B /* Font+Extensions.swift */; };
		8B124164272FA2E10083EE5B /* SafariView.swift in Sources */ = {isa = PBXBuildFile; fileRef = 8B124163272FA2E10083EE5B /* SafariView.swift */; };
		8B3D9721270AB1A700CA396F /* PresidentsApp.swift in Sources */ = {isa = PBXBuildFile; fileRef = 8B3D9720270AB1A700CA396F /* PresidentsApp.swift */; };
		8B3D9725270AB1A800CA396F /* Assets.xcassets in Resources */ = {isa = PBXBuildFile; fileRef = 8B3D9724270AB1A800CA396F /* Assets.xcassets */; };
		8B3D9728270AB1A800CA396F /* Preview Assets.xcassets in Resources */ = {isa = PBXBuildFile; fileRef = 8B3D9727270AB1A800CA396F /* Preview Assets.xcassets */; };
		8B3D9735270AB2F600CA396F /* firsts.json in Resources */ = {isa = PBXBuildFile; fileRef = 8B3D9734270AB2F600CA396F /* firsts.json */; };
		8B3D9738270AB43700CA396F /* President.swift in Sources */ = {isa = PBXBuildFile; fileRef = 8B3D9737270AB43700CA396F /* President.swift */; };
		8B3D973A270AB44000CA396F /* vice_presidents.json in Resources */ = {isa = PBXBuildFile; fileRef = 8B3D9739270AB44000CA396F /* vice_presidents.json */; };
		8B3D973C270AB44E00CA396F /* PresidentArray.swift in Sources */ = {isa = PBXBuildFile; fileRef = 8B3D973B270AB44E00CA396F /* PresidentArray.swift */; };
		8B3D9740270AB46200CA396F /* President Names.swift in Sources */ = {isa = PBXBuildFile; fileRef = 8B3D973F270AB46200CA396F /* President Names.swift */; };
		8B3D9746270AB5CE00CA396F /* HomeView.swift in Sources */ = {isa = PBXBuildFile; fileRef = 8B3D9745270AB5CE00CA396F /* HomeView.swift */; };
		8B3D9749270ABE4A00CA396F /* PresidentDetailView.swift in Sources */ = {isa = PBXBuildFile; fileRef = 8B3D9748270ABE4A00CA396F /* PresidentDetailView.swift */; };
		8B3D974B270ABFFD00CA396F /* PresidentView.swift in Sources */ = {isa = PBXBuildFile; fileRef = 8B3D974A270ABFFD00CA396F /* PresidentView.swift */; };
		8B3D974D270AC01B00CA396F /* PresidentInfo.swift in Sources */ = {isa = PBXBuildFile; fileRef = 8B3D974C270AC01B00CA396F /* PresidentInfo.swift */; };
		8B3D9751270AC0A000CA396F /* PresidentSignature.swift in Sources */ = {isa = PBXBuildFile; fileRef = 8B3D9750270AC0A000CA396F /* PresidentSignature.swift */; };
		8B62322E28F5B90D004D1D75 /* JSONCoder+Extensions.swift in Sources */ = {isa = PBXBuildFile; fileRef = 8B62322D28F5B90D004D1D75 /* JSONCoder+Extensions.swift */; };
		8B8C8ACB270CFBB0001E3003 /* PresidentialFirsts.swift in Sources */ = {isa = PBXBuildFile; fileRef = 8B8C8ACA270CFBB0001E3003 /* PresidentialFirsts.swift */; };
		8B8C8ACE270CFDA3001E3003 /* Cabinet.swift in Sources */ = {isa = PBXBuildFile; fileRef = 8B8C8ACD270CFDA3001E3003 /* Cabinet.swift */; };
		8B8C8AD1270D744C001E3003 /* PresidentFavorites.swift in Sources */ = {isa = PBXBuildFile; fileRef = 8B8C8AD0270D744C001E3003 /* PresidentFavorites.swift */; };
		8BCB7450270E6F3F00EFAE2B /* presidents_data.json in Resources */ = {isa = PBXBuildFile; fileRef = 8BCB744F270E6F3F00EFAE2B /* presidents_data.json */; };
/* End PBXBuildFile section */

/* Begin PBXFileReference section */
		8B124160272F98470083EE5B /* Presidents.entitlements */ = {isa = PBXFileReference; lastKnownFileType = text.plist.entitlements; path = Presidents.entitlements; sourceTree = "<group>"; };
		8B124161272FA0B20083EE5B /* Font+Extensions.swift */ = {isa = PBXFileReference; lastKnownFileType = sourcecode.swift; path = "Font+Extensions.swift"; sourceTree = "<group>"; };
		8B124163272FA2E10083EE5B /* SafariView.swift */ = {isa = PBXFileReference; lastKnownFileType = sourcecode.swift; path = SafariView.swift; sourceTree = "<group>"; };
		8B3D971D270AB1A700CA396F /* Presidents.app */ = {isa = PBXFileReference; explicitFileType = wrapper.application; includeInIndex = 0; path = Presidents.app; sourceTree = BUILT_PRODUCTS_DIR; };
		8B3D9720270AB1A700CA396F /* PresidentsApp.swift */ = {isa = PBXFileReference; lastKnownFileType = sourcecode.swift; path = PresidentsApp.swift; sourceTree = "<group>"; };
		8B3D9724270AB1A800CA396F /* Assets.xcassets */ = {isa = PBXFileReference; lastKnownFileType = folder.assetcatalog; path = Assets.xcassets; sourceTree = "<group>"; };
		8B3D9727270AB1A800CA396F /* Preview Assets.xcassets */ = {isa = PBXFileReference; lastKnownFileType = folder.assetcatalog; path = "Preview Assets.xcassets"; sourceTree = "<group>"; };
		8B3D9734270AB2F600CA396F /* firsts.json */ = {isa = PBXFileReference; fileEncoding = 4; lastKnownFileType = text.json; path = firsts.json; sourceTree = "<group>"; };
		8B3D9737270AB43700CA396F /* President.swift */ = {isa = PBXFileReference; fileEncoding = 4; lastKnownFileType = sourcecode.swift; path = President.swift; sourceTree = "<group>"; };
		8B3D9739270AB44000CA396F /* vice_presidents.json */ = {isa = PBXFileReference; fileEncoding = 4; lastKnownFileType = text.json; path = vice_presidents.json; sourceTree = "<group>"; };
		8B3D973B270AB44E00CA396F /* PresidentArray.swift */ = {isa = PBXFileReference; fileEncoding = 4; lastKnownFileType = sourcecode.swift; path = PresidentArray.swift; sourceTree = "<group>"; };
		8B3D973F270AB46200CA396F /* President Names.swift */ = {isa = PBXFileReference; fileEncoding = 4; lastKnownFileType = sourcecode.swift; path = "President Names.swift"; sourceTree = "<group>"; };
		8B3D9745270AB5CE00CA396F /* HomeView.swift */ = {isa = PBXFileReference; lastKnownFileType = sourcecode.swift; path = HomeView.swift; sourceTree = "<group>"; };
		8B3D9748270ABE4A00CA396F /* PresidentDetailView.swift */ = {isa = PBXFileReference; lastKnownFileType = sourcecode.swift; path = PresidentDetailView.swift; sourceTree = "<group>"; };
		8B3D974A270ABFFD00CA396F /* PresidentView.swift */ = {isa = PBXFileReference; lastKnownFileType = sourcecode.swift; path = PresidentView.swift; sourceTree = "<group>"; };
		8B3D974C270AC01B00CA396F /* PresidentInfo.swift */ = {isa = PBXFileReference; lastKnownFileType = sourcecode.swift; path = PresidentInfo.swift; sourceTree = "<group>"; };
		8B3D9750270AC0A000CA396F /* PresidentSignature.swift */ = {isa = PBXFileReference; lastKnownFileType = sourcecode.swift; path = PresidentSignature.swift; sourceTree = "<group>"; };
		8B62322D28F5B90D004D1D75 /* JSONCoder+Extensions.swift */ = {isa = PBXFileReference; fileEncoding = 4; lastKnownFileType = sourcecode.swift; path = "JSONCoder+Extensions.swift"; sourceTree = "<group>"; };
		8B8C8ACA270CFBB0001E3003 /* PresidentialFirsts.swift */ = {isa = PBXFileReference; lastKnownFileType = sourcecode.swift; path = PresidentialFirsts.swift; sourceTree = "<group>"; };
		8B8C8ACD270CFDA3001E3003 /* Cabinet.swift */ = {isa = PBXFileReference; lastKnownFileType = sourcecode.swift; path = Cabinet.swift; sourceTree = "<group>"; };
		8B8C8AD0270D744C001E3003 /* PresidentFavorites.swift */ = {isa = PBXFileReference; lastKnownFileType = sourcecode.swift; path = PresidentFavorites.swift; sourceTree = "<group>"; };
		8BCB744F270E6F3F00EFAE2B /* presidents_data.json */ = {isa = PBXFileReference; fileEncoding = 4; lastKnownFileType = text.json; path = presidents_data.json; sourceTree = "<group>"; };
		8BCB7455270EAE6800EFAE2B /* Info.plist */ = {isa = PBXFileReference; lastKnownFileType = text.plist; path = Info.plist; sourceTree = "<group>"; };
/* End PBXFileReference section */

/* Begin PBXFrameworksBuildPhase section */
		8B3D971A270AB1A700CA396F /* Frameworks */ = {
			isa = PBXFrameworksBuildPhase;
			buildActionMask = 2147483647;
			files = (
			);
			runOnlyForDeploymentPostprocessing = 0;
		};
/* End PBXFrameworksBuildPhase section */

/* Begin PBXGroup section */
		8B3D9714270AB1A700CA396F = {
			isa = PBXGroup;
			children = (
				8B3D971F270AB1A700CA396F /* Presidents */,
				8B3D971E270AB1A700CA396F /* Products */,
			);
			sourceTree = "<group>";
		};
		8B3D971E270AB1A700CA396F /* Products */ = {
			isa = PBXGroup;
			children = (
				8B3D971D270AB1A700CA396F /* Presidents.app */,
			);
			name = Products;
			sourceTree = "<group>";
		};
		8B3D971F270AB1A700CA396F /* Presidents */ = {
			isa = PBXGroup;
			children = (
				8B124160272F98470083EE5B /* Presidents.entitlements */,
				8BCB7455270EAE6800EFAE2B /* Info.plist */,
				8B3D9736270AB42F00CA396F /* Model */,
				8B3D972E270AB27100CA396F /* Application */,
				8B3D9730270AB2A800CA396F /* Common */,
				8B3D9733270AB2CC00CA396F /* Assets */,
				8B3D9726270AB1A800CA396F /* Preview Content */,
			);
			path = Presidents;
			sourceTree = "<group>";
		};
		8B3D9726270AB1A800CA396F /* Preview Content */ = {
			isa = PBXGroup;
			children = (
				8B3D9727270AB1A800CA396F /* Preview Assets.xcassets */,
			);
			path = "Preview Content";
			sourceTree = "<group>";
		};
		8B3D972E270AB27100CA396F /* Application */ = {
			isa = PBXGroup;
			children = (
				8B3D972F270AB27900CA396F /* Main */,
				8B3D9747270ABE2600CA396F /* PresidentDetail */,
				8B8C8ACF270D743A001E3003 /* President Favorites */,
			);
			path = Application;
			sourceTree = "<group>";
		};
		8B3D972F270AB27900CA396F /* Main */ = {
			isa = PBXGroup;
			children = (
				8B3D9720270AB1A700CA396F /* PresidentsApp.swift */,
				8B3D9745270AB5CE00CA396F /* HomeView.swift */,
			);
			path = Main;
			sourceTree = "<group>";
		};
		8B3D9730270AB2A800CA396F /* Common */ = {
			isa = PBXGroup;
			children = (
				8B3D9731270AB2AD00CA396F /* Views */,
				8B3D9732270AB2B100CA396F /* Extensions */,
			);
			path = Common;
			sourceTree = "<group>";
		};
		8B3D9731270AB2AD00CA396F /* Views */ = {
			isa = PBXGroup;
			children = (
				8B124163272FA2E10083EE5B /* SafariView.swift */,
			);
			path = Views;
			sourceTree = "<group>";
		};
		8B3D9732270AB2B100CA396F /* Extensions */ = {
			isa = PBXGroup;
			children = (
				8B62322D28F5B90D004D1D75 /* JSONCoder+Extensions.swift */,
				8B124161272FA0B20083EE5B /* Font+Extensions.swift */,
			);
			path = Extensions;
			sourceTree = "<group>";
		};
		8B3D9733270AB2CC00CA396F /* Assets */ = {
			isa = PBXGroup;
			children = (
				8BCB744F270E6F3F00EFAE2B /* presidents_data.json */,
				8B3D9734270AB2F600CA396F /* firsts.json */,
				8B3D9739270AB44000CA396F /* vice_presidents.json */,
				8B3D9724270AB1A800CA396F /* Assets.xcassets */,
			);
			path = Assets;
			sourceTree = "<group>";
		};
		8B3D9736270AB42F00CA396F /* Model */ = {
			isa = PBXGroup;
			children = (
				8B3D9737270AB43700CA396F /* President.swift */,
				8B3D973B270AB44E00CA396F /* PresidentArray.swift */,
				8B3D973F270AB46200CA396F /* President Names.swift */,
			);
			path = Model;
			sourceTree = "<group>";
		};
		8B3D9747270ABE2600CA396F /* PresidentDetail */ = {
			isa = PBXGroup;
			children = (
				8B8C8ACC270CFD99001E3003 /* Cabinet */,
				8B8C8AC9270CFB91001E3003 /* PresidentialFirsts */,
				8B3D9748270ABE4A00CA396F /* PresidentDetailView.swift */,
				8B3D974A270ABFFD00CA396F /* PresidentView.swift */,
				8B3D974C270AC01B00CA396F /* PresidentInfo.swift */,
				8B3D9750270AC0A000CA396F /* PresidentSignature.swift */,
			);
			path = PresidentDetail;
			sourceTree = "<group>";
		};
		8B8C8AC9270CFB91001E3003 /* PresidentialFirsts */ = {
			isa = PBXGroup;
			children = (
				8B8C8ACA270CFBB0001E3003 /* PresidentialFirsts.swift */,
			);
			path = PresidentialFirsts;
			sourceTree = "<group>";
		};
		8B8C8ACC270CFD99001E3003 /* Cabinet */ = {
			isa = PBXGroup;
			children = (
				8B8C8ACD270CFDA3001E3003 /* Cabinet.swift */,
			);
			path = Cabinet;
			sourceTree = "<group>";
		};
		8B8C8ACF270D743A001E3003 /* President Favorites */ = {
			isa = PBXGroup;
			children = (
				8B8C8AD0270D744C001E3003 /* PresidentFavorites.swift */,
			);
			path = "President Favorites";
			sourceTree = "<group>";
		};
/* End PBXGroup section */

/* Begin PBXNativeTarget section */
		8B3D971C270AB1A700CA396F /* Presidents */ = {
			isa = PBXNativeTarget;
			buildConfigurationList = 8B3D972B270AB1A800CA396F /* Build configuration list for PBXNativeTarget "Presidents" */;
			buildPhases = (
				8B3D9719270AB1A700CA396F /* Sources */,
				8B3D971A270AB1A700CA396F /* Frameworks */,
				8B3D971B270AB1A700CA396F /* Resources */,
				8B62322F28F5BC31004D1D75 /* ShellScript */,
			);
			buildRules = (
			);
			dependencies = (
			);
			name = Presidents;
			productName = Presidents;
			productReference = 8B3D971D270AB1A700CA396F /* Presidents.app */;
			productType = "com.apple.product-type.application";
		};
/* End PBXNativeTarget section */

/* Begin PBXProject section */
		8B3D9715270AB1A700CA396F /* Project object */ = {
			isa = PBXProject;
			attributes = {
				BuildIndependentTargetsInParallel = 1;
				LastSwiftUpdateCheck = 1300;
				LastUpgradeCheck = 1300;
				TargetAttributes = {
					8B3D971C270AB1A700CA396F = {
						CreatedOnToolsVersion = 13.0;
					};
				};
			};
			buildConfigurationList = 8B3D9718270AB1A700CA396F /* Build configuration list for PBXProject "Presidents" */;
			compatibilityVersion = "Xcode 13.0";
			developmentRegion = en;
			hasScannedForEncodings = 0;
			knownRegions = (
				en,
				Base,
			);
			mainGroup = 8B3D9714270AB1A700CA396F;
			productRefGroup = 8B3D971E270AB1A700CA396F /* Products */;
			projectDirPath = "";
			projectRoot = "";
			targets = (
				8B3D971C270AB1A700CA396F /* Presidents */,
			);
		};
/* End PBXProject section */

/* Begin PBXResourcesBuildPhase section */
		8B3D971B270AB1A700CA396F /* Resources */ = {
			isa = PBXResourcesBuildPhase;
			buildActionMask = 2147483647;
			files = (
				8B3D9728270AB1A800CA396F /* Preview Assets.xcassets in Resources */,
				8B3D9725270AB1A800CA396F /* Assets.xcassets in Resources */,
				8B3D9735270AB2F600CA396F /* firsts.json in Resources */,
				8BCB7450270E6F3F00EFAE2B /* presidents_data.json in Resources */,
				8B3D973A270AB44000CA396F /* vice_presidents.json in Resources */,
			);
			runOnlyForDeploymentPostprocessing = 0;
		};
/* End PBXResourcesBuildPhase section */

/* Begin PBXShellScriptBuildPhase section */
		8B62322F28F5BC31004D1D75 /* ShellScript */ = {
			isa = PBXShellScriptBuildPhase;
			buildActionMask = 2147483647;
			files = (
			);
			inputFileListPaths = (
			);
			inputPaths = (
			);
			outputFileListPaths = (
			);
			outputPaths = (
			);
			runOnlyForDeploymentPostprocessing = 0;
			shellPath = /bin/sh;
			shellScript = "if which swiftlint > /dev/null; then\n  swiftlint\nelse\n  echo \"warning: SwiftLint not installed, download from https://github.com/realm/SwiftLint\"\nfi\n";
		};
/* End PBXShellScriptBuildPhase section */

/* Begin PBXSourcesBuildPhase section */
		8B3D9719270AB1A700CA396F /* Sources */ = {
			isa = PBXSourcesBuildPhase;
			buildActionMask = 2147483647;
			files = (
				8B8C8ACE270CFDA3001E3003 /* Cabinet.swift in Sources */,
				8B62322E28F5B90D004D1D75 /* JSONCoder+Extensions.swift in Sources */,
				8B3D973C270AB44E00CA396F /* PresidentArray.swift in Sources */,
				8B8C8ACB270CFBB0001E3003 /* PresidentialFirsts.swift in Sources */,
				8B3D9738270AB43700CA396F /* President.swift in Sources */,
				8B124164272FA2E10083EE5B /* SafariView.swift in Sources */,
				8B3D9740270AB46200CA396F /* President Names.swift in Sources */,
				8B3D9746270AB5CE00CA396F /* HomeView.swift in Sources */,
				8B8C8AD1270D744C001E3003 /* PresidentFavorites.swift in Sources */,
				8B3D974D270AC01B00CA396F /* PresidentInfo.swift in Sources */,
				8B3D9721270AB1A700CA396F /* PresidentsApp.swift in Sources */,
				8B3D9751270AC0A000CA396F /* PresidentSignature.swift in Sources */,
				8B124162272FA0B20083EE5B /* Font+Extensions.swift in Sources */,
				8B3D9749270ABE4A00CA396F /* PresidentDetailView.swift in Sources */,
				8B3D974B270ABFFD00CA396F /* PresidentView.swift in Sources */,
			);
			runOnlyForDeploymentPostprocessing = 0;
		};
/* End PBXSourcesBuildPhase section */

/* Begin XCBuildConfiguration section */
		8B3D9729270AB1A800CA396F /* Debug */ = {
			isa = XCBuildConfiguration;
			buildSettings = {
				ALWAYS_SEARCH_USER_PATHS = NO;
				CLANG_ANALYZER_NONNULL = YES;
				CLANG_ANALYZER_NUMBER_OBJECT_CONVERSION = YES_AGGRESSIVE;
				CLANG_CXX_LANGUAGE_STANDARD = "gnu++17";
				CLANG_CXX_LIBRARY = "libc++";
				CLANG_ENABLE_MODULES = YES;
				CLANG_ENABLE_OBJC_ARC = YES;
				CLANG_ENABLE_OBJC_WEAK = YES;
				CLANG_WARN_BLOCK_CAPTURE_AUTORELEASING = YES;
				CLANG_WARN_BOOL_CONVERSION = YES;
				CLANG_WARN_COMMA = YES;
				CLANG_WARN_CONSTANT_CONVERSION = YES;
				CLANG_WARN_DEPRECATED_OBJC_IMPLEMENTATIONS = YES;
				CLANG_WARN_DIRECT_OBJC_ISA_USAGE = YES_ERROR;
				CLANG_WARN_DOCUMENTATION_COMMENTS = YES;
				CLANG_WARN_EMPTY_BODY = YES;
				CLANG_WARN_ENUM_CONVERSION = YES;
				CLANG_WARN_INFINITE_RECURSION = YES;
				CLANG_WARN_INT_CONVERSION = YES;
				CLANG_WARN_NON_LITERAL_NULL_CONVERSION = YES;
				CLANG_WARN_OBJC_IMPLICIT_RETAIN_SELF = YES;
				CLANG_WARN_OBJC_LITERAL_CONVERSION = YES;
				CLANG_WARN_OBJC_ROOT_CLASS = YES_ERROR;
				CLANG_WARN_QUOTED_INCLUDE_IN_FRAMEWORK_HEADER = YES;
				CLANG_WARN_RANGE_LOOP_ANALYSIS = YES;
				CLANG_WARN_STRICT_PROTOTYPES = YES;
				CLANG_WARN_SUSPICIOUS_MOVE = YES;
				CLANG_WARN_UNGUARDED_AVAILABILITY = YES_AGGRESSIVE;
				CLANG_WARN_UNREACHABLE_CODE = YES;
				CLANG_WARN__DUPLICATE_METHOD_MATCH = YES;
				COPY_PHASE_STRIP = NO;
				DEBUG_INFORMATION_FORMAT = dwarf;
				ENABLE_STRICT_OBJC_MSGSEND = YES;
				ENABLE_TESTABILITY = YES;
				GCC_C_LANGUAGE_STANDARD = gnu11;
				GCC_DYNAMIC_NO_PIC = NO;
				GCC_NO_COMMON_BLOCKS = YES;
				GCC_OPTIMIZATION_LEVEL = 0;
				GCC_PREPROCESSOR_DEFINITIONS = (
					"DEBUG=1",
					"$(inherited)",
				);
				GCC_WARN_64_TO_32_BIT_CONVERSION = YES;
				GCC_WARN_ABOUT_RETURN_TYPE = YES_ERROR;
				GCC_WARN_UNDECLARED_SELECTOR = YES;
				GCC_WARN_UNINITIALIZED_AUTOS = YES_AGGRESSIVE;
				GCC_WARN_UNUSED_FUNCTION = YES;
				GCC_WARN_UNUSED_VARIABLE = YES;
				IPHONEOS_DEPLOYMENT_TARGET = 13.6;
				MTL_ENABLE_DEBUG_INFO = INCLUDE_SOURCE;
				MTL_FAST_MATH = YES;
				ONLY_ACTIVE_ARCH = YES;
				SDKROOT = iphoneos;
				SWIFT_ACTIVE_COMPILATION_CONDITIONS = DEBUG;
				SWIFT_OPTIMIZATION_LEVEL = "-Onone";
			};
			name = Debug;
		};
		8B3D972A270AB1A800CA396F /* Release */ = {
			isa = XCBuildConfiguration;
			buildSettings = {
				ALWAYS_SEARCH_USER_PATHS = NO;
				CLANG_ANALYZER_NONNULL = YES;
				CLANG_ANALYZER_NUMBER_OBJECT_CONVERSION = YES_AGGRESSIVE;
				CLANG_CXX_LANGUAGE_STANDARD = "gnu++17";
				CLANG_CXX_LIBRARY = "libc++";
				CLANG_ENABLE_MODULES = YES;
				CLANG_ENABLE_OBJC_ARC = YES;
				CLANG_ENABLE_OBJC_WEAK = YES;
				CLANG_WARN_BLOCK_CAPTURE_AUTORELEASING = YES;
				CLANG_WARN_BOOL_CONVERSION = YES;
				CLANG_WARN_COMMA = YES;
				CLANG_WARN_CONSTANT_CONVERSION = YES;
				CLANG_WARN_DEPRECATED_OBJC_IMPLEMENTATIONS = YES;
				CLANG_WARN_DIRECT_OBJC_ISA_USAGE = YES_ERROR;
				CLANG_WARN_DOCUMENTATION_COMMENTS = YES;
				CLANG_WARN_EMPTY_BODY = YES;
				CLANG_WARN_ENUM_CONVERSION = YES;
				CLANG_WARN_INFINITE_RECURSION = YES;
				CLANG_WARN_INT_CONVERSION = YES;
				CLANG_WARN_NON_LITERAL_NULL_CONVERSION = YES;
				CLANG_WARN_OBJC_IMPLICIT_RETAIN_SELF = YES;
				CLANG_WARN_OBJC_LITERAL_CONVERSION = YES;
				CLANG_WARN_OBJC_ROOT_CLASS = YES_ERROR;
				CLANG_WARN_QUOTED_INCLUDE_IN_FRAMEWORK_HEADER = YES;
				CLANG_WARN_RANGE_LOOP_ANALYSIS = YES;
				CLANG_WARN_STRICT_PROTOTYPES = YES;
				CLANG_WARN_SUSPICIOUS_MOVE = YES;
				CLANG_WARN_UNGUARDED_AVAILABILITY = YES_AGGRESSIVE;
				CLANG_WARN_UNREACHABLE_CODE = YES;
				CLANG_WARN__DUPLICATE_METHOD_MATCH = YES;
				COPY_PHASE_STRIP = NO;
				DEBUG_INFORMATION_FORMAT = "dwarf-with-dsym";
				ENABLE_NS_ASSERTIONS = NO;
				ENABLE_STRICT_OBJC_MSGSEND = YES;
				GCC_C_LANGUAGE_STANDARD = gnu11;
				GCC_NO_COMMON_BLOCKS = YES;
				GCC_WARN_64_TO_32_BIT_CONVERSION = YES;
				GCC_WARN_ABOUT_RETURN_TYPE = YES_ERROR;
				GCC_WARN_UNDECLARED_SELECTOR = YES;
				GCC_WARN_UNINITIALIZED_AUTOS = YES_AGGRESSIVE;
				GCC_WARN_UNUSED_FUNCTION = YES;
				GCC_WARN_UNUSED_VARIABLE = YES;
				IPHONEOS_DEPLOYMENT_TARGET = 13.6;
				MTL_ENABLE_DEBUG_INFO = NO;
				MTL_FAST_MATH = YES;
				SDKROOT = iphoneos;
				SWIFT_COMPILATION_MODE = wholemodule;
				SWIFT_OPTIMIZATION_LEVEL = "-O";
				VALIDATE_PRODUCT = YES;
			};
			name = Release;
		};
		8B3D972C270AB1A800CA396F /* Debug */ = {
			isa = XCBuildConfiguration;
			buildSettings = {
				ASSETCATALOG_COMPILER_APPICON_NAME = AppIcon;
				ASSETCATALOG_COMPILER_GLOBAL_ACCENT_COLOR_NAME = AccentColor;
				CODE_SIGN_ENTITLEMENTS = Presidents/Presidents.entitlements;
				CODE_SIGN_STYLE = Automatic;
				CURRENT_PROJECT_VERSION = 1;
				DEVELOPMENT_ASSET_PATHS = "\"Presidents/Preview Content\"";
				DEVELOPMENT_TEAM = LR745V324B;
				ENABLE_PREVIEWS = YES;
				GENERATE_INFOPLIST_FILE = YES;
				INFOPLIST_FILE = Presidents/Info.plist;
				INFOPLIST_KEY_LSApplicationCategoryType = "public.app-category.education";
				INFOPLIST_KEY_UIApplicationSceneManifest_Generation = YES;
				INFOPLIST_KEY_UIApplicationSupportsIndirectInputEvents = YES;
				INFOPLIST_KEY_UILaunchStoryboardName = "Launch Screen";
				INFOPLIST_KEY_UISupportedInterfaceOrientations = "";
				INFOPLIST_KEY_UISupportedInterfaceOrientations_iPad = "UIInterfaceOrientationPortrait UIInterfaceOrientationPortraitUpsideDown UIInterfaceOrientationLandscapeLeft UIInterfaceOrientationLandscapeRight";
				INFOPLIST_KEY_UISupportedInterfaceOrientations_iPhone = "UIInterfaceOrientationPortrait UIInterfaceOrientationLandscapeLeft UIInterfaceOrientationLandscapeRight";
				IPHONEOS_DEPLOYMENT_TARGET = 14.0;
				LD_RUNPATH_SEARCH_PATHS = (
					"$(inherited)",
					"@executable_path/Frameworks",
				);
				MARKETING_VERSION = 1.0;
				PRODUCT_BUNDLE_IDENTIFIER = com.michaelhorowitz.Presidents;
				PRODUCT_NAME = "$(TARGET_NAME)";
				SUPPORTS_MACCATALYST = YES;
				SWIFT_EMIT_LOC_STRINGS = YES;
				SWIFT_VERSION = 5.0;
				TARGETED_DEVICE_FAMILY = "1,2";
			};
			name = Debug;
		};
		8B3D972D270AB1A800CA396F /* Release */ = {
			isa = XCBuildConfiguration;
			buildSettings = {
				ASSETCATALOG_COMPILER_APPICON_NAME = AppIcon;
				ASSETCATALOG_COMPILER_GLOBAL_ACCENT_COLOR_NAME = AccentColor;
				CODE_SIGN_ENTITLEMENTS = Presidents/Presidents.entitlements;
				CODE_SIGN_STYLE = Automatic;
				CURRENT_PROJECT_VERSION = 1;
				DEVELOPMENT_ASSET_PATHS = "\"Presidents/Preview Content\"";
				DEVELOPMENT_TEAM = LR745V324B;
				ENABLE_PREVIEWS = YES;
				GENERATE_INFOPLIST_FILE = YES;
				INFOPLIST_FILE = Presidents/Info.plist;
				INFOPLIST_KEY_LSApplicationCategoryType = "public.app-category.education";
				INFOPLIST_KEY_UIApplicationSceneManifest_Generation = YES;
				INFOPLIST_KEY_UIApplicationSupportsIndirectInputEvents = YES;
				INFOPLIST_KEY_UILaunchStoryboardName = "Launch Screen";
				INFOPLIST_KEY_UISupportedInterfaceOrientations = "";
				INFOPLIST_KEY_UISupportedInterfaceOrientations_iPad = "UIInterfaceOrientationPortrait UIInterfaceOrientationPortraitUpsideDown UIInterfaceOrientationLandscapeLeft UIInterfaceOrientationLandscapeRight";
				INFOPLIST_KEY_UISupportedInterfaceOrientations_iPhone = "UIInterfaceOrientationPortrait UIInterfaceOrientationLandscapeLeft UIInterfaceOrientationLandscapeRight";
				IPHONEOS_DEPLOYMENT_TARGET = 14.0;
				LD_RUNPATH_SEARCH_PATHS = (
					"$(inherited)",
					"@executable_path/Frameworks",
				);
				MARKETING_VERSION = 1.0;
				PRODUCT_BUNDLE_IDENTIFIER = com.michaelhorowitz.Presidents;
				PRODUCT_NAME = "$(TARGET_NAME)";
				SUPPORTS_MACCATALYST = YES;
				SWIFT_EMIT_LOC_STRINGS = YES;
				SWIFT_VERSION = 5.0;
				TARGETED_DEVICE_FAMILY = "1,2";
			};
			name = Release;
		};
/* End XCBuildConfiguration section */

/* Begin XCConfigurationList section */
		8B3D9718270AB1A700CA396F /* Build configuration list for PBXProject "Presidents" */ = {
			isa = XCConfigurationList;
			buildConfigurations = (
				8B3D9729270AB1A800CA396F /* Debug */,
				8B3D972A270AB1A800CA396F /* Release */,
			);
			defaultConfigurationIsVisible = 0;
			defaultConfigurationName = Release;
		};
		8B3D972B270AB1A800CA396F /* Build configuration list for PBXNativeTarget "Presidents" */ = {
			isa = XCConfigurationList;
			buildConfigurations = (
				8B3D972C270AB1A800CA396F /* Debug */,
				8B3D972D270AB1A800CA396F /* Release */,
			);
			defaultConfigurationIsVisible = 0;
			defaultConfigurationName = Release;
		};
/* End XCConfigurationList section */
	};
	rootObject = 8B3D9715270AB1A700CA396F /* Project object */;
}
